
Microsoft Visual Studio Solution File, Format Version 12.00
# Visual Studio 14
VisualStudioVersion = 14.0.25123.0
MinimumVisualStudioVersion = 10.0.40219.1
Project("{FAE04EC0-301F-11D3-BF4B-00C04F79EFBC}") = "Modbus IP assigning Tool", "Modbus IP assigning Tool\Modbus IP assigning Tool.csproj", "{90F87C81-973B-4990-84D5-11729839A0E6}"
EndProject
Global
	GlobalSection(SolutionConfigurationPlatforms) = preSolution
		Debug|Any CPU = Debug|Any CPU
		Release|Any CPU = Release|Any CPU
	EndGlobalSection
	GlobalSection(ProjectConfigurationPlatforms) = postSolution
		{90F87C81-973B-4990-84D5-11729839A0E6}.Debug|Any CPU.ActiveCfg = Debug|Any CPU
		{90F87C81-973B-4990-84D5-11729839A0E6}.Debug|Any CPU.Build.0 = Debug|Any CPU
		{90F87C81-973B-4990-84D5-11729839A0E6}.Release|Any CPU.ActiveCfg = Release|Any CPU
		{90F87C81-973B-4990-84D5-11729839A0E6}.Release|Any CPU.Build.0 = Release|Any CPU
	EndGlobalSection
	GlobalSection(SolutionProperties) = preSolution
		HideSolutionNode = FALSE
	EndGlobalSection
EndGlobal
